
Microsoft Visual Studio Solution File, Format Version 12.00
# Visual Studio Version 16
VisualStudioVersion = 16.0.30717.126
MinimumVisualStudioVersion = 10.0.40219.1
Project("{FAE04EC0-301F-11D3-BF4B-00C04F79EFBC}") = "Test_Les3", "Test_Les3\Test_Les3.csproj", "{E01C638C-E1BA-41A6-B1AC-2BEBFCD94E84}"
EndProject
Global
	GlobalSection(SolutionConfigurationPlatforms) = preSolution
		Debug|Any CPU = Debug|Any CPU
		Release|Any CPU = Release|Any CPU
	EndGlobalSection
	GlobalSection(ProjectConfigurationPlatforms) = postSolution
		{E01C638C-E1BA-41A6-B1AC-2BEBFCD94E84}.Debug|Any CPU.ActiveCfg = Debug|Any CPU
		{E01C638C-E1BA-41A6-B1AC-2BEBFCD94E84}.Debug|Any CPU.Build.0 = Debug|Any CPU
		{E01C638C-E1BA-41A6-B1AC-2BEBFCD94E84}.Release|Any CPU.ActiveCfg = Release|Any CPU
		{E01C638C-E1BA-41A6-B1AC-2BEBFCD94E84}.Release|Any CPU.Build.0 = Release|Any CPU
	EndGlobalSection
	GlobalSection(SolutionProperties) = preSolution
		HideSolutionNode = FALSE
	EndGlobalSection
	GlobalSection(ExtensibilityGlobals) = postSolution
		SolutionGuid = {418C1E28-E802-4415-81CB-7E524F757D15}
	EndGlobalSection
EndGlobal
